{
    "_readme": [
        "This file locks the dependencies of your project to a known state",
        "Read more about it at https://getcomposer.org/doc/01-basic-usage.md#composer-lock-the-lock-file",
        "This file is @generated automatically"
    ],
    "hash": "deaa048d068e46c1997d004711f75d25",
    "content-hash": "b2ea5cda6a2e5d4b54f0039890a4d0e1",
    "packages": [
        {
            "name": "symfony/console",
            "version": "v3.0.6",
            "source": {
                "type": "git",
                "url": "zichter@dev3:github/symfony/Console.git",
                "reference": "bacb8eefb3eeba147933ec9eedf105caa2c05838"
            },
            "dist": {
                "type": "zip",
                "url": "http://remote.satis.dev3.zicht.intern/packages/symfony/Console.git/v3.0.6.zip",
                "reference": "bacb8eefb3eeba147933ec9eedf105caa2c05838",
                "shasum": null
            },
            "require": {
                "php": ">=5.5.9",
                "symfony/polyfill-mbstring": "~1.0"
            },
            "require-dev": {
                "psr/log": "~1.0",
                "symfony/event-dispatcher": "~2.8|~3.0",
                "symfony/process": "~2.8|~3.0"
            },
            "suggest": {
                "psr/log": "For using the console logger",
                "symfony/event-dispatcher": "",
                "symfony/process": ""
            },
            "type": "library",
            "extra": {
                "branch-alias": {
                    "dev-master": "3.0-dev"
                }
            },
            "autoload": {
                "psr-4": {
                    "Symfony\\Component\\Console\\": ""
                },
                "exclude-from-classmap": [
                    "/Tests/"
                ]
            },
            "license": [
                "MIT"
            ],
            "authors": [
                {
                    "name": "Fabien Potencier",
                    "email": "fabien@symfony.com"
                },
                {
                    "name": "Symfony Community",
                    "homepage": "https://symfony.com/contributors"
                }
            ],
            "description": "Symfony Console Component",
            "homepage": "https://symfony.com",
            "time": "2016-04-28 09:48:42"
        },
        {
            "name": "symfony/expression-language",
            "version": "v2.8.15",
            "source": {
                "type": "git",
                "url": "git@github.com:symfony/expression-language",
                "reference": "1bdf6fc66064aba83490473f5b010f422df6b8dc"
            },
            "dist": {
                "type": "zip",
                "url": "http://remote.satis.dev3.intern/dist/symfony/expression-language/v2.8.15.zip",
                "reference": null,
                "shasum": null
            },
            "require": {
                "php": ">=5.3.9"
            },
            "type": "library",
            "extra": {
                "branch-alias": {
                    "dev-master": "2.8-dev"
                }
            },
            "autoload": {
                "psr-4": {
                    "Symfony\\Component\\ExpressionLanguage\\": ""
                },
                "exclude-from-classmap": [
                    "/Tests/"
                ]
            },
            "license": [
                "MIT"
            ],
            "authors": [
                {
                    "name": "Fabien Potencier",
                    "email": "fabien@symfony.com"
                },
                {
                    "name": "Symfony Community",
                    "homepage": "https://symfony.com/contributors"
                }
            ],
            "description": "Symfony ExpressionLanguage Component",
            "homepage": "https://symfony.com",
            "time": "2016-11-03 07:52:58"
        },
        {
            "name": "symfony/polyfill-mbstring",
            "version": "v1.2.0",
            "source": {
                "type": "git",
                "url": "git@github.com:symfony/polyfill-mbstring",
                "reference": "630ad16fd18f79b367449a0083085f2952242ed9"
            },
            "dist": {
                "type": "zip",
                "url": "http://remote.satis.dev3.intern/dist/symfony/polyfill-mbstring/v1.2.0.zip",
                "reference": "630ad16fd18f79b367449a0083085f2952242ed9",
                "shasum": null
            },
            "require": {
                "php": ">=5.3.3"
            },
            "suggest": {
                "ext-mbstring": "For best performance"
            },
            "type": "library",
            "extra": {
                "branch-alias": {
                    "dev-master": "1.2-dev"
                }
            },
            "autoload": {
                "psr-4": {
                    "Symfony\\Polyfill\\Mbstring\\": ""
                },
                "files": [
                    "bootstrap.php"
                ]
            },
            "license": [
                "MIT"
            ],
            "authors": [
                {
                    "name": "Nicolas Grekas",
                    "email": "p@tchwork.com"
                },
                {
                    "name": "Symfony Community",
                    "homepage": "https://symfony.com/contributors"
                }
            ],
            "description": "Symfony polyfill for the Mbstring extension",
            "homepage": "https://symfony.com",
            "keywords": [
                "compatibility",
                "mbstring",
                "polyfill",
                "portable",
                "shim"
            ],
            "time": "2016-05-18 09:38:54"
        },
        {
            "name": "symfony/var-dumper",
            "version": "v3.0.6",
            "source": {
                "type": "git",
                "url": "zichter@dev3:github/symfony/var-dumper.git",
                "reference": "0812546c70ba5aa592b720f752042d85353e1dae"
            },
            "dist": {
                "type": "zip",
                "url": "http://remote.satis.dev3.zicht.intern/packages/symfony/var-dumper.git/v3.0.6.zip",
                "reference": "0812546c70ba5aa592b720f752042d85353e1dae",
                "shasum": null
            },
            "require": {
                "php": ">=5.5.9",
                "symfony/polyfill-mbstring": "~1.0"
            },
            "require-dev": {
                "twig/twig": "~1.20|~2.0"
            },
            "suggest": {
                "ext-symfony_debug": ""
            },
            "type": "library",
            "extra": {
                "branch-alias": {
                    "dev-master": "3.0-dev"
                }
            },
            "autoload": {
                "files": [
                    "Resources/functions/dump.php"
                ],
                "psr-4": {
                    "Symfony\\Component\\VarDumper\\": ""
                },
                "exclude-from-classmap": [
                    "/Tests/"
                ]
            },
            "license": [
                "MIT"
            ],
            "authors": [
                {
                    "name": "Nicolas Grekas",
                    "email": "p@tchwork.com"
                },
                {
                    "name": "Symfony Community",
                    "homepage": "https://symfony.com/contributors"
                }
            ],
            "description": "Symfony mechanism for exploring and dumping PHP variables",
            "homepage": "https://symfony.com",
            "keywords": [
                "debug",
                "dump"
            ],
            "time": "2016-04-25 11:17:47"
        },
        {
            "name": "symfony/yaml",
            "version": "v2.8.6",
            "source": {
                "type": "git",
                "url": "zichter@dev3:github/symfony/Yaml.git",
                "reference": "812d191f3bde0058000e428fe30c344d5aa9f0f5"
            },
            "dist": {
                "type": "zip",
                "url": "http://remote.satis.dev3.zicht.intern/packages/symfony/Yaml.git/v2.8.6.zip",
                "reference": null,
                "shasum": null
            },
            "require": {
                "php": ">=5.3.9"
            },
            "type": "library",
            "extra": {
                "branch-alias": {
                    "dev-master": "2.8-dev"
                }
            },
            "autoload": {
                "psr-4": {
                    "Symfony\\Component\\Yaml\\": ""
                },
                "exclude-from-classmap": [
                    "/Tests/"
                ]
            },
            "license": [
                "MIT"
            ],
            "authors": [
                {
                    "name": "Fabien Potencier",
                    "email": "fabien@symfony.com"
                },
                {
                    "name": "Symfony Community",
                    "homepage": "https://symfony.com/contributors"
                }
            ],
            "description": "Symfony Yaml Component",
            "homepage": "https://symfony.com",
            "time": "2016-03-24 13:09:50"
        },
        {
            "name": "zicht/itertools",
            "version": "2.8.23",
            "source": {
                "type": "git",
                "url": "git@github.com:zicht/itertools",
                "reference": "71dcb960c02c8ba1ac8649f564dd56ca3fca0ca1"
            },
            "dist": {
                "type": "zip",
                "url": "http://satis.dev3.intern/dist/zicht/itertools/2.8.23.zip",
                "reference": "71dcb960c02c8ba1ac8649f564dd56ca3fca0ca1",
                "shasum": null
            },
            "require-dev": {
                "doctrine/collections": "^1.3",
                "phpunit/phpunit": "4.*"
            },
            "type": "library",
            "autoload": {
                "psr-0": {
                    "Zicht\\": [
                        "src/",
                        "tests/"
                    ]
                },
                "files": [
                    "src/Zicht/Itertools/conversions.php",
                    "src/Zicht/Itertools/filters.php",
                    "src/Zicht/Itertools/itertools.php",
                    "src/Zicht/Itertools/mappings.php",
                    "src/Zicht/Itertools/reductions.php"
                ]
            },
            "license": [
                "MIT"
            ],
            "authors": [
                {
                    "name": "Zicht online",
                    "email": "info@zicht.nl"
                }
            ],
            "description": "A collection of functions that mirror the Python itertools library",
            "time": "2016-12-20 08:39:36"
        }
    ],
    "packages-dev": [
        {
            "name": "behat/behat",
            "version": "v3.2.2",
            "source": {
                "type": "git",
                "url": "git@github.com:Behat/Behat",
                "reference": "30aa3836825416f28581ee55fcfe6a5b0cdeeb85"
            },
            "dist": {
                "type": "zip",
                "url": "http://remote.satis.dev3.intern/dist/Behat/Behat/v3.2.2.zip",
                "reference": null,
                "shasum": null
            },
            "require": {
                "behat/gherkin": "^4.4.4",
                "behat/transliterator": "~1.0",
                "ext-mbstring": "*",
                "php": ">=5.3.3",
                "symfony/class-loader": "~2.1||~3.0",
                "symfony/config": "~2.3||~3.0",
                "symfony/console": "~2.5||~3.0",
                "symfony/dependency-injection": "~2.1||~3.0",
                "symfony/event-dispatcher": "~2.1||~3.0",
                "symfony/translation": "~2.3||~3.0",
                "symfony/yaml": "~2.1||~3.0"
            },
            "require-dev": {
                "herrera-io/box": "~1.6.1",
                "phpunit/phpunit": "~4.5",
                "symfony/process": "~2.5|~3.0"
            },
            "suggest": {
                "behat/mink-extension": "for integration with Mink testing framework",
                "behat/symfony2-extension": "for integration with Symfony2 web framework",
                "behat/yii-extension": "for integration with Yii web framework"
            },
            "bin": [
                "bin/behat"
            ],
            "type": "library",
            "extra": {
                "branch-alias": {
                    "dev-master": "3.2.x-dev"
                }
            },
            "autoload": {
                "psr-0": {
                    "Behat\\Behat": "src/",
                    "Behat\\Testwork": "src/"
                }
            },
            "license": [
                "MIT"
            ],
            "authors": [
                {
                    "name": "Konstantin Kudryashov",
                    "email": "ever.zet@gmail.com",
                    "homepage": "http://everzet.com"
                }
            ],
            "description": "Scenario-oriented BDD framework for PHP 5.3",
            "homepage": "http://behat.org/",
            "keywords": [
                "Agile",
                "BDD",
                "Examples",
                "ScenarioBDD",
                "Scrum",
                "StoryBDD",
                "Symfony",
                "User story",
                "business",
                "development",
                "documentation",
                "testing"
            ],
            "time": "2016-11-05 17:13:53"
        },
        {
            "name": "behat/gherkin",
            "version": "v4.4.5",
            "source": {
                "type": "git",
                "url": "git@github.com:Behat/Gherkin",
                "reference": "5c14cff4f955b17d20d088dec1bde61c0539ec74"
            },
            "dist": {
                "type": "zip",
                "url": "http://remote.satis.dev3.intern/dist/Behat/Gherkin/v4.4.5.zip",
                "reference": null,
                "shasum": null
            },
            "require": {
                "php": ">=5.3.1"
            },
            "require-dev": {
                "phpunit/phpunit": "~4.5|~5",
                "symfony/phpunit-bridge": "~2.7|~3",
                "symfony/yaml": "~2.3|~3"
            },
            "suggest": {
                "symfony/yaml": "If you want to parse features, represented in YAML files"
            },
            "type": "library",
            "extra": {
                "branch-alias": {
                    "dev-master": "4.4-dev"
                }
            },
            "autoload": {
                "psr-0": {
                    "Behat\\Gherkin": "src/"
                }
            },
            "autoload-dev": {
                "psr-4": {
                    "Tests\\Behat\\": "tests/Behat/"
                }
            },
            "license": [
                "MIT"
            ],
            "authors": [
                {
                    "name": "Konstantin Kudryashov",
                    "email": "ever.zet@gmail.com",
                    "homepage": "http://everzet.com"
                }
            ],
            "description": "Gherkin DSL parser for PHP 5.3",
            "homepage": "http://behat.org/",
            "keywords": [
                "BDD",
                "Behat",
                "Cucumber",
                "DSL",
                "Gherkin",
                "parser"
            ],
            "time": "2016-10-30 11:50:56"
        },
        {
            "name": "behat/transliterator",
            "version": "v1.1.0",
            "source": {
                "type": "git",
                "url": "git@github.com:behat/transliterator",
                "reference": "868e05be3a9f25ba6424c2dd4849567f50715003"
            },
            "dist": {
                "type": "zip",
                "url": "http://remote.satis.dev3.intern/dist/behat/transliterator/v1.1.0.zip",
                "reference": null,
                "shasum": null
            },
            "require": {
                "php": ">=5.3.3"
            },
            "type": "library",
            "extra": {
                "branch-alias": {
                    "dev-master": "1.1-dev"
                }
            },
            "autoload": {
                "psr-0": {
                    "Behat\\Transliterator": "src/"
                }
            },
            "autoload-dev": {
                "psr-4": {
                    "Behat\\Tests\\Transliterator\\": "tests"
                }
            },
            "license": [
                "Artistic-1.0"
            ],
            "description": "String transliterator",
            "keywords": [
                "i18n",
                "slug",
                "transliterator"
            ],
            "time": "2015-09-28 16:26:35"
        },
        {
            "name": "symfony/class-loader",
            "version": "v3.2.0",
            "source": {
                "type": "git",
                "url": "git@github.com:symfony/class-loader",
                "reference": "f28ae5683057774c8ab69ed83d1a79cfdd5e709d"
            },
            "dist": {
                "type": "zip",
                "url": "http://remote.satis.dev3.intern/dist/symfony/class-loader/v3.2.0.zip",
                "reference": null,
                "shasum": null
            },
            "require": {
                "php": ">=5.5.9"
            },
            "require-dev": {
                "symfony/finder": "~2.8|~3.0",
                "symfony/polyfill-apcu": "~1.1"
            },
            "suggest": {
                "symfony/polyfill-apcu": "For using ApcClassLoader on HHVM"
            },
            "type": "library",
            "extra": {
                "branch-alias": {
                    "dev-master": "3.2-dev"
                }
            },
            "autoload": {
                "psr-4": {
                    "Symfony\\Component\\ClassLoader\\": ""
                },
                "exclude-from-classmap": [
                    "/Tests/"
                ]
            },
            "license": [
                "MIT"
            ],
            "authors": [
                {
                    "name": "Fabien Potencier",
                    "email": "fabien@symfony.com"
                },
                {
                    "name": "Symfony Community",
                    "homepage": "https://symfony.com/contributors"
                }
            ],
            "description": "Symfony ClassLoader Component",
            "homepage": "https://symfony.com",
            "time": "2016-11-29 08:26:13"
        },
        {
            "name": "symfony/config",
            "version": "v3.2.0",
            "source": {
                "type": "git",
                "url": "git@github.com:symfony/Config",
                "reference": "84ed81d3c21ff4127cd55ee325c48b2492a94aef"
            },
            "dist": {
                "type": "zip",
                "url": "http://remote.satis.dev3.intern/dist/symfony/Config/v3.2.0.zip",
                "reference": null,
                "shasum": null
            },
            "require": {
                "php": ">=5.5.9",
                "symfony/filesystem": "~2.8|~3.0"
            },
            "require-dev": {
                "symfony/yaml": "~3.0"
            },
            "suggest": {
                "symfony/yaml": "To use the yaml reference dumper"
            },
            "type": "library",
            "extra": {
                "branch-alias": {
                    "dev-master": "3.2-dev"
                }
            },
            "autoload": {
                "psr-4": {
                    "Symfony\\Component\\Config\\": ""
                },
                "exclude-from-classmap": [
                    "/Tests/"
                ]
            },
            "license": [
                "MIT"
            ],
            "authors": [
                {
                    "name": "Fabien Potencier",
                    "email": "fabien@symfony.com"
                },
                {
                    "name": "Symfony Community",
                    "homepage": "https://symfony.com/contributors"
                }
            ],
            "description": "Symfony Config Component",
            "homepage": "https://symfony.com",
            "time": "2016-11-29 11:12:32"
        },
        {
            "name": "symfony/dependency-injection",
            "version": "v3.1.7",
            "source": {
                "type": "git",
                "url": "git@github.com:symfony/dependency-injection",
                "reference": "7117a30b02814c539c943d5bdd0fec66b0d51bf2"
            },
            "dist": {
                "type": "zip",
                "url": "http://remote.satis.dev3.intern/dist/symfony/dependency-injection/v3.1.7.zip",
                "reference": null,
                "shasum": null
            },
            "require": {
                "php": ">=5.5.9"
            },
            "require-dev": {
                "symfony/config": "~2.8|~3.0",
                "symfony/expression-language": "~2.8|~3.0",
                "symfony/yaml": "~2.8.7|~3.0.7|~3.1.1|~3.2"
            },
            "suggest": {
                "symfony/config": "",
                "symfony/expression-language": "For using expressions in service container configuration",
                "symfony/proxy-manager-bridge": "Generate service proxies to lazy load them",
                "symfony/yaml": ""
            },
            "type": "library",
            "extra": {
                "branch-alias": {
                    "dev-master": "3.1-dev"
                }
            },
            "autoload": {
                "psr-4": {
                    "Symfony\\Component\\DependencyInjection\\": ""
                },
                "exclude-from-classmap": [
                    "/Tests/"
                ]
            },
            "license": [
                "MIT"
            ],
            "authors": [
                {
                    "name": "Fabien Potencier",
                    "email": "fabien@symfony.com"
                },
                {
                    "name": "Symfony Community",
                    "homepage": "https://symfony.com/contributors"
                }
            ],
            "description": "Symfony DependencyInjection Component",
            "homepage": "https://symfony.com",
            "time": "2016-11-18 21:15:08"
        },
        {
            "name": "symfony/event-dispatcher",
            "version": "v3.2.0",
            "source": {
                "type": "git",
                "url": "git@github.com:symfony/event-dispatcher",
                "reference": "f212b12f154e00e336fefc783116d66d65771e5d"
            },
            "dist": {
                "type": "zip",
                "url": "http://remote.satis.dev3.intern/dist/symfony/event-dispatcher/v3.2.0.zip",
                "reference": null,
                "shasum": null
            },
            "require": {
                "php": ">=5.5.9"
            },
            "require-dev": {
                "psr/log": "~1.0",
                "symfony/config": "~2.8|~3.0",
                "symfony/dependency-injection": "~2.8|~3.0",
                "symfony/expression-language": "~2.8|~3.0",
                "symfony/stopwatch": "~2.8|~3.0"
            },
            "suggest": {
                "symfony/dependency-injection": "",
                "symfony/http-kernel": ""
            },
            "type": "library",
            "extra": {
                "branch-alias": {
                    "dev-master": "3.2-dev"
                }
            },
            "autoload": {
                "psr-4": {
                    "Symfony\\Component\\EventDispatcher\\": ""
                },
                "exclude-from-classmap": [
                    "/Tests/"
                ]
            },
            "license": [
                "MIT"
            ],
            "authors": [
                {
                    "name": "Fabien Potencier",
                    "email": "fabien@symfony.com"
                },
                {
                    "name": "Symfony Community",
                    "homepage": "https://symfony.com/contributors"
                }
            ],
            "description": "Symfony EventDispatcher Component",
            "homepage": "https://symfony.com",
            "time": "2016-10-13 06:29:04"
        },
        {
            "name": "symfony/filesystem",
            "version": "v3.2.0",
            "source": {
                "type": "git",
                "url": "git@github.com:symfony/Filesystem",
                "reference": "da771cd6d30d70d32bddb65e581652986fc2ea79"
            },
            "dist": {
                "type": "zip",
                "url": "http://remote.satis.dev3.intern/dist/symfony/Filesystem/v3.2.0.zip",
                "reference": null,
                "shasum": null
            },
            "require": {
                "php": ">=5.5.9"
            },
            "type": "library",
            "extra": {
                "branch-alias": {
                    "dev-master": "3.2-dev"
                }
            },
            "autoload": {
                "psr-4": {
                    "Symfony\\Component\\Filesystem\\": ""
                },
                "exclude-from-classmap": [
                    "/Tests/"
                ]
            },
            "license": [
                "MIT"
            ],
            "authors": [
                {
                    "name": "Fabien Potencier",
                    "email": "fabien@symfony.com"
                },
                {
                    "name": "Symfony Community",
                    "homepage": "https://symfony.com/contributors"
                }
            ],
            "description": "Symfony Filesystem Component",
            "homepage": "https://symfony.com",
            "time": "2016-11-24 00:46:43"
        },
        {
            "name": "symfony/translation",
            "version": "v3.2.0",
            "source": {
                "type": "git",
                "url": "git@github.com:symfony/Translation",
                "reference": "902fa47aa4468c2a207f7d98e6571b160827a888"
            },
            "dist": {
                "type": "zip",
                "url": "http://remote.satis.dev3.intern/dist/symfony/Translation/v3.2.0.zip",
                "reference": null,
                "shasum": null
            },
            "require": {
                "php": ">=5.5.9",
                "symfony/polyfill-mbstring": "~1.0"
            },
            "conflict": {
                "symfony/config": "<2.8"
            },
            "require-dev": {
                "psr/log": "~1.0",
                "symfony/config": "~2.8|~3.0",
                "symfony/intl": "~2.8|~3.0",
                "symfony/yaml": "~2.8|~3.0"
            },
            "suggest": {
                "psr/log": "To use logging capability in translator",
                "symfony/config": "",
                "symfony/yaml": ""
            },
            "type": "library",
            "extra": {
                "branch-alias": {
                    "dev-master": "3.2-dev"
                }
            },
            "autoload": {
                "psr-4": {
                    "Symfony\\Component\\Translation\\": ""
                },
                "exclude-from-classmap": [
                    "/Tests/"
                ]
            },
            "license": [
                "MIT"
            ],
            "authors": [
                {
                    "name": "Fabien Potencier",
                    "email": "fabien@symfony.com"
                },
                {
                    "name": "Symfony Community",
                    "homepage": "https://symfony.com/contributors"
                }
            ],
            "description": "Symfony Translation Component",
            "homepage": "https://symfony.com",
            "time": "2016-11-18 21:17:59"
        },
        {
            "name": "webmozart/assert",
            "version": "1.2.0",
            "source": {
                "type": "git",
                "url": "git@github.com:webmozart/assert",
                "reference": "2db61e59ff05fe5126d152bd0655c9ea113e550f"
            },
            "dist": {
                "type": "zip",
                "url": "http://remote.satis.dev3.intern/dist/webmozart/assert/1.2.0.zip",
                "reference": null,
                "shasum": null
            },
            "require": {
                "php": "^5.3.3 || ^7.0"
            },
            "require-dev": {
                "phpunit/phpunit": "^4.6",
                "sebastian/version": "^1.0.1"
            },
            "type": "library",
            "extra": {
                "branch-alias": {
                    "dev-master": "1.3-dev"
                }
            },
            "autoload": {
                "psr-4": {
                    "Webmozart\\Assert\\": "src/"
                }
            },
            "autoload-dev": {
                "psr-4": {
                    "Webmozart\\Assert\\Tests\\": "tests/"
                }
            },
            "license": [
                "MIT"
            ],
            "authors": [
                {
                    "name": "Bernhard Schussek",
                    "email": "bschussek@gmail.com"
                }
            ],
            "description": "Assertions to validate method input/output with nice error messages.",
            "keywords": [
                "assert",
                "check",
                "validate"
            ],
            "time": "2016-11-23 20:04:58"
        }
    ],
    "aliases": [],
    "minimum-stability": "stable",
    "stability-flags": [],
    "prefer-stable": false,
    "prefer-lowest": false,
    "platform": [],
    "platform-dev": []
}
